
Microsoft Visual Studio Solution File, Format Version 12.00
# Visual Studio Version 17
VisualStudioVersion = 17.4.33213.308
MinimumVisualStudioVersion = 10.0.40219.1
Project("{FAE04EC0-301F-11D3-BF4B-00C04F79EFBC}") = "Composite meediakogu", "Composite meediakogu\Composite meediakogu.csproj", "{916B71CE-D2C7-4726-B8D0-D64F8F9EC6B2}"
EndProject
Global
	GlobalSection(SolutionConfigurationPlatforms) = preSolution
		Debug|Any CPU = Debug|Any CPU
		Release|Any CPU = Release|Any CPU
	EndGlobalSection
	GlobalSection(ProjectConfigurationPlatforms) = postSolution
		{916B71CE-D2C7-4726-B8D0-D64F8F9EC6B2}.Debug|Any CPU.ActiveCfg = Debug|Any CPU
		{916B71CE-D2C7-4726-B8D0-D64F8F9EC6B2}.Debug|Any CPU.Build.0 = Debug|Any CPU
		{916B71CE-D2C7-4726-B8D0-D64F8F9EC6B2}.Release|Any CPU.ActiveCfg = Release|Any CPU
		{916B71CE-D2C7-4726-B8D0-D64F8F9EC6B2}.Release|Any CPU.Build.0 = Release|Any CPU
	EndGlobalSection
	GlobalSection(SolutionProperties) = preSolution
		HideSolutionNode = FALSE
	EndGlobalSection
	GlobalSection(ExtensibilityGlobals) = postSolution
		SolutionGuid = {70B5B343-A265-4F0D-896C-FD8E06156A2B}
	EndGlobalSection
EndGlobal
